
Microsoft Visual Studio Solution File, Format Version 12.00
# Visual Studio 14
VisualStudioVersion = 14.0.25420.1
MinimumVisualStudioVersion = 10.0.40219.1
Project("{FAE04EC0-301F-11D3-BF4B-00C04F79EFBC}") = "ToolsQA", "ToolsQA\ToolsQA.csproj", "{7E50BD86-31B2-473B-920B-6F47AE9BEBEA}"
EndProject
Global
	GlobalSection(SolutionConfigurationPlatforms) = preSolution
		Debug|Any CPU = Debug|Any CPU
		Release|Any CPU = Release|Any CPU
	EndGlobalSection
	GlobalSection(ProjectConfigurationPlatforms) = postSolution
		{7E50BD86-31B2-473B-920B-6F47AE9BEBEA}.Debug|Any CPU.ActiveCfg = Debug|Any CPU
		{7E50BD86-31B2-473B-920B-6F47AE9BEBEA}.Debug|Any CPU.Build.0 = Debug|Any CPU
		{7E50BD86-31B2-473B-920B-6F47AE9BEBEA}.Release|Any CPU.ActiveCfg = Release|Any CPU
		{7E50BD86-31B2-473B-920B-6F47AE9BEBEA}.Release|Any CPU.Build.0 = Release|Any CPU
	EndGlobalSection
	GlobalSection(SolutionProperties) = preSolution
		HideSolutionNode = FALSE
	EndGlobalSection
EndGlobal
